
Microsoft Visual Studio Solution File, Format Version 12.00
# Visual Studio 15
VisualStudioVersion = 15.0.28010.2003
MinimumVisualStudioVersion = 10.0.40219.1
Project("{FAE04EC0-301F-11D3-BF4B-00C04F79EFBC}") = "TestMuxWin2Mac.Android", "TestMuxWin2Mac\TestMuxWin2Mac.Android\TestMuxWin2Mac.Android.csproj", "{9D23A943-B3AE-4DF0-8516-AF6F98F12640}"
EndProject
Project("{FAE04EC0-301F-11D3-BF4B-00C04F79EFBC}") = "TestMuxWin2Mac.iOS", "TestMuxWin2Mac\TestMuxWin2Mac.iOS\TestMuxWin2Mac.iOS.csproj", "{C2AF33FD-2F8E-4DF2-81DF-35CC6DAD4FDA}"
EndProject
Project("{FAE04EC0-301F-11D3-BF4B-00C04F79EFBC}") = "TestMuxWin2Mac", "TestMuxWin2Mac\TestMuxWin2Mac\TestMuxWin2Mac.csproj", "{01A153A5-E18E-45D2-BE79-247FD6FDF5A4}"
EndProject
Global
	GlobalSection(SolutionConfigurationPlatforms) = preSolution
		Ad-Hoc|Any CPU = Ad-Hoc|Any CPU
		Ad-Hoc|iPhone = Ad-Hoc|iPhone
		Ad-Hoc|iPhoneSimulator = Ad-Hoc|iPhoneSimulator
		AppStore|Any CPU = AppStore|Any CPU
		AppStore|iPhone = AppStore|iPhone
		AppStore|iPhoneSimulator = AppStore|iPhoneSimulator
		Debug|Any CPU = Debug|Any CPU
		Debug|iPhone = Debug|iPhone
		Debug|iPhoneSimulator = Debug|iPhoneSimulator
		Release|Any CPU = Release|Any CPU
		Release|iPhone = Release|iPhone
		Release|iPhoneSimulator = Release|iPhoneSimulator
	EndGlobalSection
	GlobalSection(ProjectConfigurationPlatforms) = postSolution
		{9D23A943-B3AE-4DF0-8516-AF6F98F12640}.Ad-Hoc|Any CPU.ActiveCfg = Release|Any CPU
		{9D23A943-B3AE-4DF0-8516-AF6F98F12640}.Ad-Hoc|Any CPU.Build.0 = Release|Any CPU
		{9D23A943-B3AE-4DF0-8516-AF6F98F12640}.Ad-Hoc|Any CPU.Deploy.0 = Release|Any CPU
		{9D23A943-B3AE-4DF0-8516-AF6F98F12640}.Ad-Hoc|iPhone.ActiveCfg = Release|Any CPU
		{9D23A943-B3AE-4DF0-8516-AF6F98F12640}.Ad-Hoc|iPhone.Build.0 = Release|Any CPU
		{9D23A943-B3AE-4DF0-8516-AF6F98F12640}.Ad-Hoc|iPhone.Deploy.0 = Release|Any CPU
		{9D23A943-B3AE-4DF0-8516-AF6F98F12640}.Ad-Hoc|iPhoneSimulator.ActiveCfg = Release|Any CPU
		{9D23A943-B3AE-4DF0-8516-AF6F98F12640}.Ad-Hoc|iPhoneSimulator.Build.0 = Release|Any CPU
		{9D23A943-B3AE-4DF0-8516-AF6F98F12640}.Ad-Hoc|iPhoneSimulator.Deploy.0 = Release|Any CPU
		{9D23A943-B3AE-4DF0-8516-AF6F98F12640}.AppStore|Any CPU.ActiveCfg = Release|Any CPU
		{9D23A943-B3AE-4DF0-8516-AF6F98F12640}.AppStore|Any CPU.Build.0 = Release|Any CPU
		{9D23A943-B3AE-4DF0-8516-AF6F98F12640}.AppStore|Any CPU.Deploy.0 = Release|Any CPU
		{9D23A943-B3AE-4DF0-8516-AF6F98F12640}.AppStore|iPhone.ActiveCfg = Release|Any CPU
		{9D23A943-B3AE-4DF0-8516-AF6F98F12640}.AppStore|iPhone.Build.0 = Release|Any CPU
		{9D23A943-B3AE-4DF0-8516-AF6F98F12640}.AppStore|iPhone.Deploy.0 = Release|Any CPU
		{9D23A943-B3AE-4DF0-8516-AF6F98F12640}.AppStore|iPhoneSimulator.ActiveCfg = Release|Any CPU
		{9D23A943-B3AE-4DF0-8516-AF6F98F12640}.AppStore|iPhoneSimulator.Build.0 = Release|Any CPU
		{9D23A943-B3AE-4DF0-8516-AF6F98F12640}.AppStore|iPhoneSimulator.Deploy.0 = Release|Any CPU
		{9D23A943-B3AE-4DF0-8516-AF6F98F12640}.Debug|Any CPU.ActiveCfg = Debug|Any CPU
		{9D23A943-B3AE-4DF0-8516-AF6F98F12640}.Debug|Any CPU.Build.0 = Debug|Any CPU
		{9D23A943-B3AE-4DF0-8516-AF6F98F12640}.Debug|Any CPU.Deploy.0 = Debug|Any CPU
		{9D23A943-B3AE-4DF0-8516-AF6F98F12640}.Debug|iPhone.ActiveCfg = Debug|Any CPU
		{9D23A943-B3AE-4DF0-8516-AF6F98F12640}.Debug|iPhone.Build.0 = Debug|Any CPU
		{9D23A943-B3AE-4DF0-8516-AF6F98F12640}.Debug|iPhone.Deploy.0 = Debug|Any CPU
		{9D23A943-B3AE-4DF0-8516-AF6F98F12640}.Debug|iPhoneSimulator.ActiveCfg = Debug|Any CPU
		{9D23A943-B3AE-4DF0-8516-AF6F98F12640}.Debug|iPhoneSimulator.Build.0 = Debug|Any CPU
		{9D23A943-B3AE-4DF0-8516-AF6F98F12640}.Debug|iPhoneSimulator.Deploy.0 = Debug|Any CPU
		{9D23A943-B3AE-4DF0-8516-AF6F98F12640}.Release|Any CPU.ActiveCfg = Release|Any CPU
		{9D23A943-B3AE-4DF0-8516-AF6F98F12640}.Release|Any CPU.Build.0 = Release|Any CPU
		{9D23A943-B3AE-4DF0-8516-AF6F98F12640}.Release|Any CPU.Deploy.0 = Release|Any CPU
		{9D23A943-B3AE-4DF0-8516-AF6F98F12640}.Release|iPhone.ActiveCfg = Release|Any CPU
		{9D23A943-B3AE-4DF0-8516-AF6F98F12640}.Release|iPhone.Build.0 = Release|Any CPU
		{9D23A943-B3AE-4DF0-8516-AF6F98F12640}.Release|iPhone.Deploy.0 = Release|Any CPU
		{9D23A943-B3AE-4DF0-8516-AF6F98F12640}.Release|iPhoneSimulator.ActiveCfg = Release|Any CPU
		{9D23A943-B3AE-4DF0-8516-AF6F98F12640}.Release|iPhoneSimulator.Build.0 = Release|Any CPU
		{9D23A943-B3AE-4DF0-8516-AF6F98F12640}.Release|iPhoneSimulator.Deploy.0 = Release|Any CPU
		{C2AF33FD-2F8E-4DF2-81DF-35CC6DAD4FDA}.Ad-Hoc|Any CPU.ActiveCfg = Ad-Hoc|iPhone
		{C2AF33FD-2F8E-4DF2-81DF-35CC6DAD4FDA}.Ad-Hoc|Any CPU.Build.0 = Ad-Hoc|iPhone
		{C2AF33FD-2F8E-4DF2-81DF-35CC6DAD4FDA}.Ad-Hoc|Any CPU.Deploy.0 = Ad-Hoc|iPhone
		{C2AF33FD-2F8E-4DF2-81DF-35CC6DAD4FDA}.Ad-Hoc|iPhone.ActiveCfg = Ad-Hoc|iPhone
		{C2AF33FD-2F8E-4DF2-81DF-35CC6DAD4FDA}.Ad-Hoc|iPhone.Build.0 = Ad-Hoc|iPhone
		{C2AF33FD-2F8E-4DF2-81DF-35CC6DAD4FDA}.Ad-Hoc|iPhone.Deploy.0 = Ad-Hoc|iPhone
		{C2AF33FD-2F8E-4DF2-81DF-35CC6DAD4FDA}.Ad-Hoc|iPhoneSimulator.ActiveCfg = Ad-Hoc|iPhoneSimulator
		{C2AF33FD-2F8E-4DF2-81DF-35CC6DAD4FDA}.Ad-Hoc|iPhoneSimulator.Build.0 = Ad-Hoc|iPhoneSimulator
		{C2AF33FD-2F8E-4DF2-81DF-35CC6DAD4FDA}.Ad-Hoc|iPhoneSimulator.Deploy.0 = Ad-Hoc|iPhoneSimulator
		{C2AF33FD-2F8E-4DF2-81DF-35CC6DAD4FDA}.AppStore|Any CPU.ActiveCfg = AppStore|iPhone
		{C2AF33FD-2F8E-4DF2-81DF-35CC6DAD4FDA}.AppStore|Any CPU.Build.0 = AppStore|iPhone
		{C2AF33FD-2F8E-4DF2-81DF-35CC6DAD4FDA}.AppStore|Any CPU.Deploy.0 = AppStore|iPhone
		{C2AF33FD-2F8E-4DF2-81DF-35CC6DAD4FDA}.AppStore|iPhone.ActiveCfg = AppStore|iPhone
		{C2AF33FD-2F8E-4DF2-81DF-35CC6DAD4FDA}.AppStore|iPhone.Build.0 = AppStore|iPhone
		{C2AF33FD-2F8E-4DF2-81DF-35CC6DAD4FDA}.AppStore|iPhone.Deploy.0 = AppStore|iPhone
		{C2AF33FD-2F8E-4DF2-81DF-35CC6DAD4FDA}.AppStore|iPhoneSimulator.ActiveCfg = AppStore|iPhoneSimulator
		{C2AF33FD-2F8E-4DF2-81DF-35CC6DAD4FDA}.AppStore|iPhoneSimulator.Build.0 = AppStore|iPhoneSimulator
		{C2AF33FD-2F8E-4DF2-81DF-35CC6DAD4FDA}.AppStore|iPhoneSimulator.Deploy.0 = AppStore|iPhoneSimulator
		{C2AF33FD-2F8E-4DF2-81DF-35CC6DAD4FDA}.Debug|Any CPU.ActiveCfg = Debug|iPhoneSimulator
		{C2AF33FD-2F8E-4DF2-81DF-35CC6DAD4FDA}.Debug|Any CPU.Build.0 = Debug|iPhoneSimulator
		{C2AF33FD-2F8E-4DF2-81DF-35CC6DAD4FDA}.Debug|Any CPU.Deploy.0 = Debug|iPhoneSimulator
		{C2AF33FD-2F8E-4DF2-81DF-35CC6DAD4FDA}.Debug|iPhone.ActiveCfg = Debug|iPhone
		{C2AF33FD-2F8E-4DF2-81DF-35CC6DAD4FDA}.Debug|iPhone.Build.0 = Debug|iPhone
		{C2AF33FD-2F8E-4DF2-81DF-35CC6DAD4FDA}.Debug|iPhone.Deploy.0 = Debug|iPhone
		{C2AF33FD-2F8E-4DF2-81DF-35CC6DAD4FDA}.Debug|iPhoneSimulator.ActiveCfg = Debug|iPhoneSimulator
		{C2AF33FD-2F8E-4DF2-81DF-35CC6DAD4FDA}.Debug|iPhoneSimulator.Build.0 = Debug|iPhoneSimulator
		{C2AF33FD-2F8E-4DF2-81DF-35CC6DAD4FDA}.Debug|iPhoneSimulator.Deploy.0 = Debug|iPhoneSimulator
		{C2AF33FD-2F8E-4DF2-81DF-35CC6DAD4FDA}.Release|Any CPU.ActiveCfg = Release|iPhone
		{C2AF33FD-2F8E-4DF2-81DF-35CC6DAD4FDA}.Release|Any CPU.Build.0 = Release|iPhone
		{C2AF33FD-2F8E-4DF2-81DF-35CC6DAD4FDA}.Release|Any CPU.Deploy.0 = Release|iPhone
		{C2AF33FD-2F8E-4DF2-81DF-35CC6DAD4FDA}.Release|iPhone.ActiveCfg = Release|iPhone
		{C2AF33FD-2F8E-4DF2-81DF-35CC6DAD4FDA}.Release|iPhone.Build.0 = Release|iPhone
		{C2AF33FD-2F8E-4DF2-81DF-35CC6DAD4FDA}.Release|iPhone.Deploy.0 = Release|iPhone
		{C2AF33FD-2F8E-4DF2-81DF-35CC6DAD4FDA}.Release|iPhoneSimulator.ActiveCfg = Release|iPhoneSimulator
		{C2AF33FD-2F8E-4DF2-81DF-35CC6DAD4FDA}.Release|iPhoneSimulator.Build.0 = Release|iPhoneSimulator
		{C2AF33FD-2F8E-4DF2-81DF-35CC6DAD4FDA}.Release|iPhoneSimulator.Deploy.0 = Release|iPhoneSimulator
		{01A153A5-E18E-45D2-BE79-247FD6FDF5A4}.Ad-Hoc|Any CPU.ActiveCfg = Debug|Any CPU
		{01A153A5-E18E-45D2-BE79-247FD6FDF5A4}.Ad-Hoc|Any CPU.Build.0 = Debug|Any CPU
		{01A153A5-E18E-45D2-BE79-247FD6FDF5A4}.Ad-Hoc|Any CPU.Deploy.0 = Debug|Any CPU
		{01A153A5-E18E-45D2-BE79-247FD6FDF5A4}.Ad-Hoc|iPhone.ActiveCfg = Debug|Any CPU
		{01A153A5-E18E-45D2-BE79-247FD6FDF5A4}.Ad-Hoc|iPhone.Build.0 = Debug|Any CPU
		{01A153A5-E18E-45D2-BE79-247FD6FDF5A4}.Ad-Hoc|iPhone.Deploy.0 = Debug|Any CPU
		{01A153A5-E18E-45D2-BE79-247FD6FDF5A4}.Ad-Hoc|iPhoneSimulator.ActiveCfg = Debug|Any CPU
		{01A153A5-E18E-45D2-BE79-247FD6FDF5A4}.Ad-Hoc|iPhoneSimulator.Build.0 = Debug|Any CPU
		{01A153A5-E18E-45D2-BE79-247FD6FDF5A4}.Ad-Hoc|iPhoneSimulator.Deploy.0 = Debug|Any CPU
		{01A153A5-E18E-45D2-BE79-247FD6FDF5A4}.AppStore|Any CPU.ActiveCfg = Debug|Any CPU
		{01A153A5-E18E-45D2-BE79-247FD6FDF5A4}.AppStore|Any CPU.Build.0 = Debug|Any CPU
		{01A153A5-E18E-45D2-BE79-247FD6FDF5A4}.AppStore|Any CPU.Deploy.0 = Debug|Any CPU
		{01A153A5-E18E-45D2-BE79-247FD6FDF5A4}.AppStore|iPhone.ActiveCfg = Debug|Any CPU
		{01A153A5-E18E-45D2-BE79-247FD6FDF5A4}.AppStore|iPhone.Build.0 = Debug|Any CPU
		{01A153A5-E18E-45D2-BE79-247FD6FDF5A4}.AppStore|iPhone.Deploy.0 = Debug|Any CPU
		{01A153A5-E18E-45D2-BE79-247FD6FDF5A4}.AppStore|iPhoneSimulator.ActiveCfg = Debug|Any CPU
		{01A153A5-E18E-45D2-BE79-247FD6FDF5A4}.AppStore|iPhoneSimulator.Build.0 = Debug|Any CPU
		{01A153A5-E18E-45D2-BE79-247FD6FDF5A4}.AppStore|iPhoneSimulator.Deploy.0 = Debug|Any CPU
		{01A153A5-E18E-45D2-BE79-247FD6FDF5A4}.Debug|Any CPU.ActiveCfg = Debug|Any CPU
		{01A153A5-E18E-45D2-BE79-247FD6FDF5A4}.Debug|Any CPU.Build.0 = Debug|Any CPU
		{01A153A5-E18E-45D2-BE79-247FD6FDF5A4}.Debug|Any CPU.Deploy.0 = Debug|Any CPU
		{01A153A5-E18E-45D2-BE79-247FD6FDF5A4}.Debug|iPhone.ActiveCfg = Debug|Any CPU
		{01A153A5-E18E-45D2-BE79-247FD6FDF5A4}.Debug|iPhone.Build.0 = Debug|Any CPU
		{01A153A5-E18E-45D2-BE79-247FD6FDF5A4}.Debug|iPhone.Deploy.0 = Debug|Any CPU
		{01A153A5-E18E-45D2-BE79-247FD6FDF5A4}.Debug|iPhoneSimulator.ActiveCfg = Debug|Any CPU
		{01A153A5-E18E-45D2-BE79-247FD6FDF5A4}.Debug|iPhoneSimulator.Build.0 = Debug|Any CPU
		{01A153A5-E18E-45D2-BE79-247FD6FDF5A4}.Debug|iPhoneSimulator.Deploy.0 = Debug|Any CPU
		{01A153A5-E18E-45D2-BE79-247FD6FDF5A4}.Release|Any CPU.ActiveCfg = Release|Any CPU
		{01A153A5-E18E-45D2-BE79-247FD6FDF5A4}.Release|Any CPU.Build.0 = Release|Any CPU
		{01A153A5-E18E-45D2-BE79-247FD6FDF5A4}.Release|Any CPU.Deploy.0 = Release|Any CPU
		{01A153A5-E18E-45D2-BE79-247FD6FDF5A4}.Release|iPhone.ActiveCfg = Release|Any CPU
		{01A153A5-E18E-45D2-BE79-247FD6FDF5A4}.Release|iPhone.Build.0 = Release|Any CPU
		{01A153A5-E18E-45D2-BE79-247FD6FDF5A4}.Release|iPhone.Deploy.0 = Release|Any CPU
		{01A153A5-E18E-45D2-BE79-247FD6FDF5A4}.Release|iPhoneSimulator.ActiveCfg = Release|Any CPU
		{01A153A5-E18E-45D2-BE79-247FD6FDF5A4}.Release|iPhoneSimulator.Build.0 = Release|Any CPU
		{01A153A5-E18E-45D2-BE79-247FD6FDF5A4}.Release|iPhoneSimulator.Deploy.0 = Release|Any CPU
	EndGlobalSection
	GlobalSection(SolutionProperties) = preSolution
		HideSolutionNode = FALSE
	EndGlobalSection
	GlobalSection(ExtensibilityGlobals) = postSolution
		SolutionGuid = {5646084B-5123-4A3B-9792-4EDC826A59D2}
	EndGlobalSection
EndGlobal
